
Microsoft Visual Studio Solution File, Format Version 12.00
# Visual Studio Version 16
VisualStudioVersion = 16.0.31702.278
MinimumVisualStudioVersion = 10.0.40219.1
Project("{FAE04EC0-301F-11D3-BF4B-00C04F79EFBC}") = "StudentInfoSystem", "StudentInfoSystem\StudentInfoSystem.csproj", "{33848ADA-86F7-4FC5-9857-AC1D38E453C5}"
EndProject
Project("{FAE04EC0-301F-11D3-BF4B-00C04F79EFBC}") = "UserLogin", "UserLoginFramework\UserLogin.csproj", "{A95F95A9-59B3-44B7-9A1B-AD62435766B2}"
EndProject
Project("{FAE04EC0-301F-11D3-BF4B-00C04F79EFBC}") = "WPFhello", "WPFhello\WPFhello.csproj", "{EC826478-8799-45F5-BF2D-27FC50DFC0E3}"
EndProject
Project("{FAE04EC0-301F-11D3-BF4B-00C04F79EFBC}") = "ExpenseIt", "ExpenseIt\ExpenseIt.csproj", "{DCC558CD-37A9-424F-8EC7-D47AB0B350A5}"
EndProject
Project("{FAE04EC0-301F-11D3-BF4B-00C04F79EFBC}") = "RectangleManipulator", "RectangleManipulator\RectangleManipulator.csproj", "{E25C140A-31E1-4E40-ABDC-7882DB451A88}"
EndProject
Project("{FAE04EC0-301F-11D3-BF4B-00C04F79EFBC}") = "WpfExample", "WpfExample\WpfExample.csproj", "{97FFFFA0-48CF-4108-BE0C-AF8B0775BCCB}"
EndProject
Project("{FAE04EC0-301F-11D3-BF4B-00C04F79EFBC}") = "EasyMVVM", "EasyMVVM\EasyMVVM.csproj", "{7FAA2731-5F9F-4347-A5BC-5279054E00F7}"
EndProject
Global
	GlobalSection(SolutionConfigurationPlatforms) = preSolution
		Debug|Any CPU = Debug|Any CPU
		Release|Any CPU = Release|Any CPU
	EndGlobalSection
	GlobalSection(ProjectConfigurationPlatforms) = postSolution
		{33848ADA-86F7-4FC5-9857-AC1D38E453C5}.Debug|Any CPU.ActiveCfg = Debug|Any CPU
		{33848ADA-86F7-4FC5-9857-AC1D38E453C5}.Debug|Any CPU.Build.0 = Debug|Any CPU
		{33848ADA-86F7-4FC5-9857-AC1D38E453C5}.Release|Any CPU.ActiveCfg = Release|Any CPU
		{33848ADA-86F7-4FC5-9857-AC1D38E453C5}.Release|Any CPU.Build.0 = Release|Any CPU
		{A95F95A9-59B3-44B7-9A1B-AD62435766B2}.Debug|Any CPU.ActiveCfg = Debug|Any CPU
		{A95F95A9-59B3-44B7-9A1B-AD62435766B2}.Debug|Any CPU.Build.0 = Debug|Any CPU
		{A95F95A9-59B3-44B7-9A1B-AD62435766B2}.Release|Any CPU.ActiveCfg = Release|Any CPU
		{A95F95A9-59B3-44B7-9A1B-AD62435766B2}.Release|Any CPU.Build.0 = Release|Any CPU
		{EC826478-8799-45F5-BF2D-27FC50DFC0E3}.Debug|Any CPU.ActiveCfg = Debug|Any CPU
		{EC826478-8799-45F5-BF2D-27FC50DFC0E3}.Debug|Any CPU.Build.0 = Debug|Any CPU
		{EC826478-8799-45F5-BF2D-27FC50DFC0E3}.Release|Any CPU.ActiveCfg = Release|Any CPU
		{EC826478-8799-45F5-BF2D-27FC50DFC0E3}.Release|Any CPU.Build.0 = Release|Any CPU
		{DCC558CD-37A9-424F-8EC7-D47AB0B350A5}.Debug|Any CPU.ActiveCfg = Debug|Any CPU
		{DCC558CD-37A9-424F-8EC7-D47AB0B350A5}.Debug|Any CPU.Build.0 = Debug|Any CPU
		{DCC558CD-37A9-424F-8EC7-D47AB0B350A5}.Release|Any CPU.ActiveCfg = Release|Any CPU
		{DCC558CD-37A9-424F-8EC7-D47AB0B350A5}.Release|Any CPU.Build.0 = Release|Any CPU
		{E25C140A-31E1-4E40-ABDC-7882DB451A88}.Debug|Any CPU.ActiveCfg = Debug|Any CPU
		{E25C140A-31E1-4E40-ABDC-7882DB451A88}.Debug|Any CPU.Build.0 = Debug|Any CPU
		{E25C140A-31E1-4E40-ABDC-7882DB451A88}.Release|Any CPU.ActiveCfg = Release|Any CPU
		{E25C140A-31E1-4E40-ABDC-7882DB451A88}.Release|Any CPU.Build.0 = Release|Any CPU
		{97FFFFA0-48CF-4108-BE0C-AF8B0775BCCB}.Debug|Any CPU.ActiveCfg = Debug|Any CPU
		{97FFFFA0-48CF-4108-BE0C-AF8B0775BCCB}.Debug|Any CPU.Build.0 = Debug|Any CPU
		{97FFFFA0-48CF-4108-BE0C-AF8B0775BCCB}.Release|Any CPU.ActiveCfg = Release|Any CPU
		{97FFFFA0-48CF-4108-BE0C-AF8B0775BCCB}.Release|Any CPU.Build.0 = Release|Any CPU
		{7FAA2731-5F9F-4347-A5BC-5279054E00F7}.Debug|Any CPU.ActiveCfg = Debug|Any CPU
		{7FAA2731-5F9F-4347-A5BC-5279054E00F7}.Debug|Any CPU.Build.0 = Debug|Any CPU
		{7FAA2731-5F9F-4347-A5BC-5279054E00F7}.Release|Any CPU.ActiveCfg = Release|Any CPU
		{7FAA2731-5F9F-4347-A5BC-5279054E00F7}.Release|Any CPU.Build.0 = Release|Any CPU
	EndGlobalSection
	GlobalSection(SolutionProperties) = preSolution
		HideSolutionNode = FALSE
	EndGlobalSection
	GlobalSection(ExtensibilityGlobals) = postSolution
		SolutionGuid = {7F2E64C1-E07D-4A9E-8C4C-6C5B68805894}
	EndGlobalSection
EndGlobal
